
Microsoft Visual Studio Solution File, Format Version 12.00
# Visual Studio Version 17
VisualStudioVersion = 17.2.32630.192
MinimumVisualStudioVersion = 10.0.40219.1
Project("{FAE04EC0-301F-11D3-BF4B-00C04F79EFBC}") = "Student Services Management App API", "Student Services Management App API\Student Services Management App API.csproj", "{61714425-0FED-4ABF-BD3F-E6977199E2A7}"
EndProject
Global
	GlobalSection(SolutionConfigurationPlatforms) = preSolution
		Debug|Any CPU = Debug|Any CPU
		Release|Any CPU = Release|Any CPU
	EndGlobalSection
	GlobalSection(ProjectConfigurationPlatforms) = postSolution
		{61714425-0FED-4ABF-BD3F-E6977199E2A7}.Debug|Any CPU.ActiveCfg = Debug|Any CPU
		{61714425-0FED-4ABF-BD3F-E6977199E2A7}.Debug|Any CPU.Build.0 = Debug|Any CPU
		{61714425-0FED-4ABF-BD3F-E6977199E2A7}.Release|Any CPU.ActiveCfg = Release|Any CPU
		{61714425-0FED-4ABF-BD3F-E6977199E2A7}.Release|Any CPU.Build.0 = Release|Any CPU
	EndGlobalSection
	GlobalSection(SolutionProperties) = preSolution
		HideSolutionNode = FALSE
	EndGlobalSection
	GlobalSection(ExtensibilityGlobals) = postSolution
		SolutionGuid = {3E6CD597-307E-4041-A4A4-C5D17587B9CA}
	EndGlobalSection
EndGlobal
